
Microsoft Visual Studio Solution File, Format Version 12.00
Project("{FAE04EC0-301F-11D3-BF4B-00C04F79EFBC}") = "DBCore", "DBCore\DBCore.csproj", "{6C2CE431-48F1-4109-B0B0-8292EBB2E0DE}"
EndProject
Project("{FAE04EC0-301F-11D3-BF4B-00C04F79EFBC}") = "Client", "Client\Client.csproj", "{6B72CC24-E5D5-42DE-BFD1-3614249449C6}"
EndProject
Global
	GlobalSection(SolutionConfigurationPlatforms) = preSolution
		Debug|Any CPU = Debug|Any CPU
		Release|Any CPU = Release|Any CPU
	EndGlobalSection
	GlobalSection(ProjectConfigurationPlatforms) = postSolution
		{6C2CE431-48F1-4109-B0B0-8292EBB2E0DE}.Debug|Any CPU.ActiveCfg = Debug|Any CPU
		{6C2CE431-48F1-4109-B0B0-8292EBB2E0DE}.Debug|Any CPU.Build.0 = Debug|Any CPU
		{6C2CE431-48F1-4109-B0B0-8292EBB2E0DE}.Release|Any CPU.ActiveCfg = Release|Any CPU
		{6C2CE431-48F1-4109-B0B0-8292EBB2E0DE}.Release|Any CPU.Build.0 = Release|Any CPU
		{6B72CC24-E5D5-42DE-BFD1-3614249449C6}.Debug|Any CPU.ActiveCfg = Debug|Any CPU
		{6B72CC24-E5D5-42DE-BFD1-3614249449C6}.Debug|Any CPU.Build.0 = Debug|Any CPU
		{6B72CC24-E5D5-42DE-BFD1-3614249449C6}.Release|Any CPU.ActiveCfg = Release|Any CPU
		{6B72CC24-E5D5-42DE-BFD1-3614249449C6}.Release|Any CPU.Build.0 = Release|Any CPU
	EndGlobalSection
EndGlobal
